{
  "name": "app",
  "version": "0.1.0",
  "lockfileVersion": 1,
  "requires": true,
  "dependencies": {
    "ip-regex": {
      "version": "1.0.3",
      "resolved": "https://registry.npmjs.org/ip-regex/-/ip-regex-1.0.3.tgz",
      "integrity": "sha1-3FiQdvZZ9BnCIgOaMzFvHHOH7/0="
    },
    "is-ip": {
      "version": "1.0.0",
      "resolved": "https://registry.npmjs.org/is-ip/-/is-ip-1.0.0.tgz",
      "integrity": "sha1-K7aVn3l8zW+f3IEnWLy8h8TFkHQ=",
      "requires": {
        "ip-regex": "1.0.3"
      }
    },
    "punycode": {
      "version": "1.3.2",
      "resolved": "https://registry.npmjs.org/punycode/-/punycode-1.3.2.tgz",
      "integrity": "sha1-llOgNvt8HuQjQvIyXM7v6jkmxI0="
    },
    "querystring": {
      "version": "0.2.0",
      "resolved": "https://registry.npmjs.org/querystring/-/querystring-0.2.0.tgz",
      "integrity": "sha1-sgmEkgO7Jd+CDadW50cAWHhSFiA="
    },
    "real-isomorphic-fetch": {
      "version": "2.0.5",
      "resolved": "https://registry.npmjs.org/real-isomorphic-fetch/-/real-isomorphic-fetch-2.0.5.tgz",
      "integrity": "sha512-+X3hujC0+KEGPoDnToabqTsaO18/b+DeNFNeEEe9IE3qzXIGCDX0qiYHT5pzxI7ujTzb/CTJBiQJBgAOS/11+g==",
      "requires": {
        "tough-cookie-no-native": "2.4.0"
      }
    },
    "tough-cookie-no-native": {
      "version": "2.4.0",
      "resolved": "https://registry.npmjs.org/tough-cookie-no-native/-/tough-cookie-no-native-2.4.0.tgz",
      "integrity": "sha1-rsRUn66nY4mpOVomLDr68KwllwQ=",
      "requires": {
        "is-ip": "1.0.0",
        "url": "0.11.0"
      }
    },
    "url": {
      "version": "0.11.0",
      "resolved": "https://registry.npmjs.org/url/-/url-0.11.0.tgz",
      "integrity": "sha1-ODjpfPxgUh63PFJajlW/3Z4uKPE=",
      "requires": {
        "punycode": "1.3.2",
        "querystring": "0.2.0"
      }
    }
  }
}
